
Microsoft Visual Studio Solution File, Format Version 12.00
# Visual Studio 15
VisualStudioVersion = 15.0.28307.168
MinimumVisualStudioVersion = 10.0.40219.1
Project("{9A19103F-16F7-4668-BE54-9A1E7A4F7556}") = "ContainelDll", "ContainelDll\ContainelDll.csproj", "{0A1F278E-9EEB-4DFA-A752-22883CDAB457}"
EndProject
Global
	GlobalSection(SolutionConfigurationPlatforms) = preSolution
		Debug|Any CPU = Debug|Any CPU
		Debug|x64 = Debug|x64
		Debug|x86 = Debug|x86
		Release|Any CPU = Release|Any CPU
		Release|x64 = Release|x64
		Release|x86 = Release|x86
	EndGlobalSection
	GlobalSection(ProjectConfigurationPlatforms) = postSolution
		{0A1F278E-9EEB-4DFA-A752-22883CDAB457}.Debug|Any CPU.ActiveCfg = Debug|Any CPU
		{0A1F278E-9EEB-4DFA-A752-22883CDAB457}.Debug|Any CPU.Build.0 = Debug|Any CPU
		{0A1F278E-9EEB-4DFA-A752-22883CDAB457}.Debug|x64.ActiveCfg = Debug|x64
		{0A1F278E-9EEB-4DFA-A752-22883CDAB457}.Debug|x64.Build.0 = Debug|x64
		{0A1F278E-9EEB-4DFA-A752-22883CDAB457}.Debug|x86.ActiveCfg = Debug|x86
		{0A1F278E-9EEB-4DFA-A752-22883CDAB457}.Debug|x86.Build.0 = Debug|x86
		{0A1F278E-9EEB-4DFA-A752-22883CDAB457}.Release|Any CPU.ActiveCfg = Release|Any CPU
		{0A1F278E-9EEB-4DFA-A752-22883CDAB457}.Release|Any CPU.Build.0 = Release|Any CPU
		{0A1F278E-9EEB-4DFA-A752-22883CDAB457}.Release|x64.ActiveCfg = Release|x86
		{0A1F278E-9EEB-4DFA-A752-22883CDAB457}.Release|x64.Build.0 = Release|x86
		{0A1F278E-9EEB-4DFA-A752-22883CDAB457}.Release|x86.ActiveCfg = Release|x86
		{0A1F278E-9EEB-4DFA-A752-22883CDAB457}.Release|x86.Build.0 = Release|x86
	EndGlobalSection
	GlobalSection(SolutionProperties) = preSolution
		HideSolutionNode = FALSE
	EndGlobalSection
	GlobalSection(ExtensibilityGlobals) = postSolution
		SolutionGuid = {3692E49A-08DA-4A37-B21D-2E56CE5EBA07}
	EndGlobalSection
EndGlobal
